# THIS IS AN AUTOGENERATED FILE. DO NOT EDIT THIS FILE DIRECTLY.
# yarn lockfile v1


spotify-web-api-js@^1.5.1:
  version "1.5.1"
  resolved "https://registry.yarnpkg.com/spotify-web-api-js/-/spotify-web-api-js-1.5.1.tgz#dcdd80f3975cd79c1c1278c56b2071453b190699"
  integrity sha512-KyeYpfPY5bWc5geb0Lmw96oqydxrby36vkmN33q4xrY7oWwoz3634Ya7qHndq2eOqCfI1GS3a5CjimYe7RQdtg==
